
Microsoft Visual Studio Solution File, Format Version 12.00
Project("{FAE04EC0-301F-11D3-BF4B-00C04F79EFBC}") = "HKX2Builders", "HKX2Builders\HKX2Builders.csproj", "{11661AF9-6860-4480-AAA8-3EAC398DC735}"
EndProject
Project("{FAE04EC0-301F-11D3-BF4B-00C04F79EFBC}") = "HKX2", "lib\HKX2Library\HKX2\HKX2.csproj", "{40B2DE3A-5C63-437C-A31C-0A5C952E22CA}"
EndProject
Global
	GlobalSection(SolutionConfigurationPlatforms) = preSolution
		Debug|Any CPU = Debug|Any CPU
		Release|Any CPU = Release|Any CPU
		EndGlobalSection
	GlobalSection(ProjectConfigurationPlatforms) = postSolution
		{40B2DE3A-5C63-437C-A31C-0A5C952E22CA}.Debug|Any CPU.ActiveCfg = Debug|Any CPU
		{40B2DE3A-5C63-437C-A31C-0A5C952E22CA}.Release|Any CPU.ActiveCfg = Release|Any CPU
		{40B2DE3A-5C63-437C-A31C-0A5C952E22CA}.Debug|Any CPU.Build.0 = Debug|Any CPU
		{11661AF9-6860-4480-AAA8-3EAC398DC735}.Debug|Any CPU.ActiveCfg = Debug|Any CPU
		{11661AF9-6860-4480-AAA8-3EAC398DC735}.Release|Any CPU.ActiveCfg = Release|Any CPU
		{11661AF9-6860-4480-AAA8-3EAC398DC735}.Debug|Any CPU.Build.0 = Debug|Any CPU
	EndGlobalSection
EndGlobal
